
Microsoft Visual Studio Solution File, Format Version 12.00
# Visual Studio Version 17
VisualStudioVersion = 17.5.002.0
MinimumVisualStudioVersion = 10.0.40219.1
Project("{9A19103F-16F7-4668-BE54-9A1E7A4F7556}") = "2023", "2023.csproj", "{7009C022-FCE9-4C8C-B19D-4213F2E825CA}"
EndProject
Global
	GlobalSection(SolutionConfigurationPlatforms) = preSolution
		Debug|Any CPU = Debug|Any CPU
		Release|Any CPU = Release|Any CPU
	EndGlobalSection
	GlobalSection(ProjectConfigurationPlatforms) = postSolution
		{7009C022-FCE9-4C8C-B19D-4213F2E825CA}.Debug|Any CPU.ActiveCfg = Debug|Any CPU
		{7009C022-FCE9-4C8C-B19D-4213F2E825CA}.Debug|Any CPU.Build.0 = Debug|Any CPU
		{7009C022-FCE9-4C8C-B19D-4213F2E825CA}.Release|Any CPU.ActiveCfg = Release|Any CPU
		{7009C022-FCE9-4C8C-B19D-4213F2E825CA}.Release|Any CPU.Build.0 = Release|Any CPU
	EndGlobalSection
	GlobalSection(SolutionProperties) = preSolution
		HideSolutionNode = FALSE
	EndGlobalSection
	GlobalSection(ExtensibilityGlobals) = postSolution
		SolutionGuid = {B50D029B-2CBA-4D48-A55C-474E21EF0A52}
	EndGlobalSection
EndGlobal
